
Microsoft Visual Studio Solution File, Format Version 12.00
# Visual Studio 15
VisualStudioVersion = 15.0.26403.0
MinimumVisualStudioVersion = 10.0.40219.1
Project("{FAE04EC0-301F-11D3-BF4B-00C04F79EFBC}") = "RepliconService.Service", "RepliconService.Service\RepliconService.Service.csproj", "{0CA48716-A8E3-4879-8AFB-5E65B1AE7546}"
EndProject
Project("{FAE04EC0-301F-11D3-BF4B-00C04F79EFBC}") = "RepliconService.ServiceData", "RepliconService.ServiceData\RepliconService.ServiceData.csproj", "{F682B82E-B0A2-4203-A5CE-27D05881DF23}"
EndProject
Project("{FAE04EC0-301F-11D3-BF4B-00C04F79EFBC}") = "RepliconService.ServiceManager", "RepliconService.ServiceManager\RepliconService.ServiceManager.csproj", "{8529AC55-CD63-47CA-8EAC-7F63A495FC17}"
EndProject
Project("{FAE04EC0-301F-11D3-BF4B-00C04F79EFBC}") = "RepliconService.DataModel", "RepliconService.DataModel\RepliconService.DataModel.csproj", "{C51581FF-A281-4673-9211-AFFE9851E84F}"
EndProject
Project("{FAE04EC0-301F-11D3-BF4B-00C04F79EFBC}") = "RepliconService.Infrastructure.DependencyResolution", "RepliconService.Infrastructure.DependencyResolution\RepliconService.Infrastructure.DependencyResolution.csproj", "{2BFFA6BE-22E0-46A4-AEF7-A876DC4B2C7D}"
EndProject
Global
	GlobalSection(SolutionConfigurationPlatforms) = preSolution
		Debug|Any CPU = Debug|Any CPU
		Release|Any CPU = Release|Any CPU
	EndGlobalSection
	GlobalSection(ProjectConfigurationPlatforms) = postSolution
		{0CA48716-A8E3-4879-8AFB-5E65B1AE7546}.Debug|Any CPU.ActiveCfg = Debug|Any CPU
		{0CA48716-A8E3-4879-8AFB-5E65B1AE7546}.Debug|Any CPU.Build.0 = Debug|Any CPU
		{0CA48716-A8E3-4879-8AFB-5E65B1AE7546}.Release|Any CPU.ActiveCfg = Release|Any CPU
		{0CA48716-A8E3-4879-8AFB-5E65B1AE7546}.Release|Any CPU.Build.0 = Release|Any CPU
		{F682B82E-B0A2-4203-A5CE-27D05881DF23}.Debug|Any CPU.ActiveCfg = Debug|Any CPU
		{F682B82E-B0A2-4203-A5CE-27D05881DF23}.Debug|Any CPU.Build.0 = Debug|Any CPU
		{F682B82E-B0A2-4203-A5CE-27D05881DF23}.Release|Any CPU.ActiveCfg = Release|Any CPU
		{F682B82E-B0A2-4203-A5CE-27D05881DF23}.Release|Any CPU.Build.0 = Release|Any CPU
		{8529AC55-CD63-47CA-8EAC-7F63A495FC17}.Debug|Any CPU.ActiveCfg = Debug|Any CPU
		{8529AC55-CD63-47CA-8EAC-7F63A495FC17}.Debug|Any CPU.Build.0 = Debug|Any CPU
		{8529AC55-CD63-47CA-8EAC-7F63A495FC17}.Release|Any CPU.ActiveCfg = Release|Any CPU
		{8529AC55-CD63-47CA-8EAC-7F63A495FC17}.Release|Any CPU.Build.0 = Release|Any CPU
		{C51581FF-A281-4673-9211-AFFE9851E84F}.Debug|Any CPU.ActiveCfg = Debug|Any CPU
		{C51581FF-A281-4673-9211-AFFE9851E84F}.Debug|Any CPU.Build.0 = Debug|Any CPU
		{C51581FF-A281-4673-9211-AFFE9851E84F}.Release|Any CPU.ActiveCfg = Release|Any CPU
		{C51581FF-A281-4673-9211-AFFE9851E84F}.Release|Any CPU.Build.0 = Release|Any CPU
		{2BFFA6BE-22E0-46A4-AEF7-A876DC4B2C7D}.Debug|Any CPU.ActiveCfg = Debug|Any CPU
		{2BFFA6BE-22E0-46A4-AEF7-A876DC4B2C7D}.Debug|Any CPU.Build.0 = Debug|Any CPU
		{2BFFA6BE-22E0-46A4-AEF7-A876DC4B2C7D}.Release|Any CPU.ActiveCfg = Release|Any CPU
		{2BFFA6BE-22E0-46A4-AEF7-A876DC4B2C7D}.Release|Any CPU.Build.0 = Release|Any CPU
	EndGlobalSection
	GlobalSection(SolutionProperties) = preSolution
		HideSolutionNode = FALSE
	EndGlobalSection
EndGlobal
